
Microsoft Visual Studio Solution File, Format Version 12.00
# Visual Studio 15
VisualStudioVersion = 15.0.27004.2005
MinimumVisualStudioVersion = 10.0.40219.1
Project("{FAE04EC0-301F-11D3-BF4B-00C04F79EFBC}") = "Demo", "Demo\Demo.csproj", "{4A7E326C-ACA6-4E65-A906-8AAA25561077}"
EndProject
Global
	GlobalSection(SolutionConfigurationPlatforms) = preSolution
		Debug|Any CPU = Debug|Any CPU
		Release|Any CPU = Release|Any CPU
	EndGlobalSection
	GlobalSection(ProjectConfigurationPlatforms) = postSolution
		{4A7E326C-ACA6-4E65-A906-8AAA25561077}.Debug|Any CPU.ActiveCfg = Debug|Any CPU
		{4A7E326C-ACA6-4E65-A906-8AAA25561077}.Debug|Any CPU.Build.0 = Debug|Any CPU
		{4A7E326C-ACA6-4E65-A906-8AAA25561077}.Release|Any CPU.ActiveCfg = Release|Any CPU
		{4A7E326C-ACA6-4E65-A906-8AAA25561077}.Release|Any CPU.Build.0 = Release|Any CPU
	EndGlobalSection
	GlobalSection(SolutionProperties) = preSolution
		HideSolutionNode = FALSE
	EndGlobalSection
	GlobalSection(ExtensibilityGlobals) = postSolution
		SolutionGuid = {0C4EF0C8-A3AB-4CAB-819F-7C206FEAABF1}
	EndGlobalSection
EndGlobal
